PODS:
  - AFDateHelper (3.4.2)
  - APParallaxHeader (0.1.6)
  - AVOSCloud (3.3.5)
  - Bolts (1.6.0):
    - Bolts/AppLinks (= 1.6.0)
    - Bolts/Tasks (= 1.6.0)
  - Bolts/AppLinks (1.6.0):
    - Bolts/Tasks
  - Bolts/Tasks (1.6.0)
  - CSStickyHeaderFlowLayout (0.2.10)
  - FBSDKCoreKit (4.10.1):
    - Bolts (~> 1.5)
  - FBSDKLoginKit (4.10.1):
    - FBSDKCoreKit
  - FBSDKShareKit (4.10.1):
    - FBSDKCoreKit
  - FontAwesome.swift (0.9.0)
  - ICGVideoTrimmer (1.1)
  - ICViewPager (1.5.1)
  - NSDate-Time-Ago (1.0.1)
  - PagingMenuController (0.8.0)
  - SDWebImage (3.7.5):
    - SDWebImage/Core (= 3.7.5)
  - SDWebImage/Core (3.7.5)
  - SwiftSpinner (0.8.0)
  - Toucan (0.5.0)
  - TPKeyboardAvoiding (1.2.11)
  - TTTAttributedLabel (1.13.4)

DEPENDENCIES:
  - AFDateHelper (= 3.4.2)
  - APParallaxHeader
  - AVOSCloud (= 3.3.5)
  - CSStickyHeaderFlowLayout
  - FBSDKCoreKit
  - FBSDKLoginKit
  - FBSDKShareKit
  - FontAwesome.swift
  - ICGVideoTrimmer
  - ICViewPager
  - NSDate-Time-Ago
  - PagingMenuController
  - SDWebImage
  - SwiftSpinner
  - Toucan
  - TPKeyboardAvoiding
  - TTTAttributedLabel

SPEC CHECKSUMS:
  AFDateHelper: aecee6bb264d6531795649f4ebac47783d2bab74
  APParallaxHeader: 854bc48a2487ca12c702f8a236fec0d89cdac5c3
  AVOSCloud: 1fe170768bee7e05bc3ea86e38d5bddb105cb957
  Bolts: f52a250053bb517ca874523c3913776359ab3def
  CSStickyHeaderFlowLayout: 5366582779d8b7c9ba9b9cc729c218cc23888776
  FBSDKCoreKit: d2aaed5e9ab7d8d6301c533376a1fbff1cf3deb5
  FBSDKLoginKit: 699ff169080e3072de4b9b0faca90bf23dc36deb
  FBSDKShareKit: 2fd887cce0056bdda91f99b2021d724a4fed8e88
  FontAwesome.swift: 8744c24147e925c61e68d313a2837c7298e2a43f
  ICGVideoTrimmer: 1f54de0595af56af2a406f20cdb33c1c440d15cd
  ICViewPager: 032dc71a50fe898e185fae6112ded4bed0e0523c
  NSDate-Time-Ago: e9de167d0659ebe465c273e833e7b582f061fc41
  PagingMenuController: 1a9ff8ad0ab9704f215706997c1a624bc951f508
  SDWebImage: 69c6303e3348fba97e03f65d65d4fbc26740f461
  SwiftSpinner: 11c2c5ec7443d92f3026d3067ca8a91d4adef13f
  Toucan: 0519c341148252ae114c5a657d2a85bb9ada9e40
  TPKeyboardAvoiding: e5ce146b313de063957bfa75a13f1e9b0ff18ab7
  TTTAttributedLabel: 0a2ac7b2dd726d32a070dafb01446026b11e624f

PODFILE CHECKSUM: 9a0461bee03ca5b595379934525ef465cd4f43b3

COCOAPODS: 1.1.0.rc.3
